# This file is automatically @generated by Cargo.
# It is not intended for manual editing.
version = 3

[[package]]
name = "analog-clock"
version = "0.1.0"
dependencies = [
 "colo-rs",
 "ray-tracer",
]

[[package]]
name = "colo-rs"
version = "0.1.0"

[[package]]
name = "ray-tracer"
version = "0.1.0"
dependencies = [
 "colo-rs",
]

[[package]]
name = "sphere-drawing"
version = "0.1.0"
dependencies = [
 "colo-rs",
 "ray-tracer",
]

[[package]]
name = "virtual-cannon"
version = "0.1.0"
dependencies = [
 "colo-rs",
 "ray-tracer",
]
